
Microsoft Visual Studio Solution File, Format Version 12.00
# Visual Studio 15
VisualStudioVersion = 15.0.28307.168
MinimumVisualStudioVersion = 10.0.40219.1
Project("{FAE04EC0-301F-11D3-BF4B-00C04F79EFBC}") = "Sales.Android", "Sales\Sales.Android\Sales.Android.csproj", "{6CAA1009-2E5E-4F16-92EF-5D29629F95BE}"
EndProject
Project("{FAE04EC0-301F-11D3-BF4B-00C04F79EFBC}") = "Sales.iOS", "Sales\Sales.iOS\Sales.iOS.csproj", "{0416F447-77D6-4D20-8FBE-0F5196BA5817}"
EndProject
Project("{FAE04EC0-301F-11D3-BF4B-00C04F79EFBC}") = "Sales.UWP", "Sales\Sales.UWP\Sales.UWP.csproj", "{02DF0CD8-D369-4EA9-9160-711510BA070D}"
EndProject
Project("{FAE04EC0-301F-11D3-BF4B-00C04F79EFBC}") = "Sales", "Sales\Sales\Sales.csproj", "{9E0D54B2-ABF5-4DC9-839E-DBA0243022AA}"
EndProject
Project("{FAE04EC0-301F-11D3-BF4B-00C04F79EFBC}") = "Sales.Backend", "Sales.Backend\Sales.Backend.csproj", "{0D3AFE56-3960-43BC-91D4-F97CFE53CD14}"
EndProject
Project("{FAE04EC0-301F-11D3-BF4B-00C04F79EFBC}") = "Sales.Api", "Sales.Api\Sales.Api.csproj", "{F0DE42AD-FEF6-4FF0-BE4E-7CE0CBE839C8}"
EndProject
Project("{FAE04EC0-301F-11D3-BF4B-00C04F79EFBC}") = "Sales.Domain", "Sales.Domain\Sales.Domain.csproj", "{E2C15176-63C4-4235-BA41-1F302B1942CE}"
EndProject
Project("{FAE04EC0-301F-11D3-BF4B-00C04F79EFBC}") = "Sales.Common", "Sales.Common\Sales.Common.csproj", "{3A34A483-4678-4D91-A4CD-F5C6A2684BB0}"
EndProject
Global
	GlobalSection(SolutionConfigurationPlatforms) = preSolution
		Ad-Hoc|Any CPU = Ad-Hoc|Any CPU
		Ad-Hoc|ARM = Ad-Hoc|ARM
		Ad-Hoc|iPhone = Ad-Hoc|iPhone
		Ad-Hoc|iPhoneSimulator = Ad-Hoc|iPhoneSimulator
		Ad-Hoc|x64 = Ad-Hoc|x64
		Ad-Hoc|x86 = Ad-Hoc|x86
		AppStore|Any CPU = AppStore|Any CPU
		AppStore|ARM = AppStore|ARM
		AppStore|iPhone = AppStore|iPhone
		AppStore|iPhoneSimulator = AppStore|iPhoneSimulator
		AppStore|x64 = AppStore|x64
		AppStore|x86 = AppStore|x86
		Debug|Any CPU = Debug|Any CPU
		Debug|ARM = Debug|ARM
		Debug|iPhone = Debug|iPhone
		Debug|iPhoneSimulator = Debug|iPhoneSimulator
		Debug|x64 = Debug|x64
		Debug|x86 = Debug|x86
		Release|Any CPU = Release|Any CPU
		Release|ARM = Release|ARM
		Release|iPhone = Release|iPhone
		Release|iPhoneSimulator = Release|iPhoneSimulator
		Release|x64 = Release|x64
		Release|x86 = Release|x86
	EndGlobalSection
	GlobalSection(ProjectConfigurationPlatforms) = postSolution
		{6CAA1009-2E5E-4F16-92EF-5D29629F95BE}.Ad-Hoc|Any CPU.ActiveCfg = Release|Any CPU
		{6CAA1009-2E5E-4F16-92EF-5D29629F95BE}.Ad-Hoc|Any CPU.Build.0 = Release|Any CPU
		{6CAA1009-2E5E-4F16-92EF-5D29629F95BE}.Ad-Hoc|Any CPU.Deploy.0 = Release|Any CPU
		{6CAA1009-2E5E-4F16-92EF-5D29629F95BE}.Ad-Hoc|ARM.ActiveCfg = Release|Any CPU
		{6CAA1009-2E5E-4F16-92EF-5D29629F95BE}.Ad-Hoc|ARM.Build.0 = Release|Any CPU
		{6CAA1009-2E5E-4F16-92EF-5D29629F95BE}.Ad-Hoc|ARM.Deploy.0 = Release|Any CPU
		{6CAA1009-2E5E-4F16-92EF-5D29629F95BE}.Ad-Hoc|iPhone.ActiveCfg = Release|Any CPU
		{6CAA1009-2E5E-4F16-92EF-5D29629F95BE}.Ad-Hoc|iPhone.Build.0 = Release|Any CPU
		{6CAA1009-2E5E-4F16-92EF-5D29629F95BE}.Ad-Hoc|iPhone.Deploy.0 = Release|Any CPU
		{6CAA1009-2E5E-4F16-92EF-5D29629F95BE}.Ad-Hoc|iPhoneSimulator.ActiveCfg = Release|Any CPU
		{6CAA1009-2E5E-4F16-92EF-5D29629F95BE}.Ad-Hoc|iPhoneSimulator.Build.0 = Release|Any CPU
		{6CAA1009-2E5E-4F16-92EF-5D29629F95BE}.Ad-Hoc|iPhoneSimulator.Deploy.0 = Release|Any CPU
		{6CAA1009-2E5E-4F16-92EF-5D29629F95BE}.Ad-Hoc|x64.ActiveCfg = Release|Any CPU
		{6CAA1009-2E5E-4F16-92EF-5D29629F95BE}.Ad-Hoc|x64.Build.0 = Release|Any CPU
		{6CAA1009-2E5E-4F16-92EF-5D29629F95BE}.Ad-Hoc|x64.Deploy.0 = Release|Any CPU
		{6CAA1009-2E5E-4F16-92EF-5D29629F95BE}.Ad-Hoc|x86.ActiveCfg = Release|Any CPU
		{6CAA1009-2E5E-4F16-92EF-5D29629F95BE}.Ad-Hoc|x86.Build.0 = Release|Any CPU
		{6CAA1009-2E5E-4F16-92EF-5D29629F95BE}.Ad-Hoc|x86.Deploy.0 = Release|Any CPU
		{6CAA1009-2E5E-4F16-92EF-5D29629F95BE}.AppStore|Any CPU.ActiveCfg = Release|Any CPU
		{6CAA1009-2E5E-4F16-92EF-5D29629F95BE}.AppStore|Any CPU.Build.0 = Release|Any CPU
		{6CAA1009-2E5E-4F16-92EF-5D29629F95BE}.AppStore|Any CPU.Deploy.0 = Release|Any CPU
		{6CAA1009-2E5E-4F16-92EF-5D29629F95BE}.AppStore|ARM.ActiveCfg = Release|Any CPU
		{6CAA1009-2E5E-4F16-92EF-5D29629F95BE}.AppStore|ARM.Build.0 = Release|Any CPU
		{6CAA1009-2E5E-4F16-92EF-5D29629F95BE}.AppStore|ARM.Deploy.0 = Release|Any CPU
		{6CAA1009-2E5E-4F16-92EF-5D29629F95BE}.AppStore|iPhone.ActiveCfg = Release|Any CPU
		{6CAA1009-2E5E-4F16-92EF-5D29629F95BE}.AppStore|iPhone.Build.0 = Release|Any CPU
		{6CAA1009-2E5E-4F16-92EF-5D29629F95BE}.AppStore|iPhone.Deploy.0 = Release|Any CPU
		{6CAA1009-2E5E-4F16-92EF-5D29629F95BE}.AppStore|iPhoneSimulator.ActiveCfg = Release|Any CPU
		{6CAA1009-2E5E-4F16-92EF-5D29629F95BE}.AppStore|iPhoneSimulator.Build.0 = Release|Any CPU
		{6CAA1009-2E5E-4F16-92EF-5D29629F95BE}.AppStore|iPhoneSimulator.Deploy.0 = Release|Any CPU
		{6CAA1009-2E5E-4F16-92EF-5D29629F95BE}.AppStore|x64.ActiveCfg = Release|Any CPU
		{6CAA1009-2E5E-4F16-92EF-5D29629F95BE}.AppStore|x64.Build.0 = Release|Any CPU
		{6CAA1009-2E5E-4F16-92EF-5D29629F95BE}.AppStore|x64.Deploy.0 = Release|Any CPU
		{6CAA1009-2E5E-4F16-92EF-5D29629F95BE}.AppStore|x86.ActiveCfg = Release|Any CPU
		{6CAA1009-2E5E-4F16-92EF-5D29629F95BE}.AppStore|x86.Build.0 = Release|Any CPU
		{6CAA1009-2E5E-4F16-92EF-5D29629F95BE}.AppStore|x86.Deploy.0 = Release|Any CPU
		{6CAA1009-2E5E-4F16-92EF-5D29629F95BE}.Debug|Any CPU.ActiveCfg = Debug|Any CPU
		{6CAA1009-2E5E-4F16-92EF-5D29629F95BE}.Debug|Any CPU.Build.0 = Debug|Any CPU
		{6CAA1009-2E5E-4F16-92EF-5D29629F95BE}.Debug|Any CPU.Deploy.0 = Debug|Any CPU
		{6CAA1009-2E5E-4F16-92EF-5D29629F95BE}.Debug|ARM.ActiveCfg = Debug|Any CPU
		{6CAA1009-2E5E-4F16-92EF-5D29629F95BE}.Debug|ARM.Build.0 = Debug|Any CPU
		{6CAA1009-2E5E-4F16-92EF-5D29629F95BE}.Debug|ARM.Deploy.0 = Debug|Any CPU
		{6CAA1009-2E5E-4F16-92EF-5D29629F95BE}.Debug|iPhone.ActiveCfg = Debug|Any CPU
		{6CAA1009-2E5E-4F16-92EF-5D29629F95BE}.Debug|iPhone.Build.0 = Debug|Any CPU
		{6CAA1009-2E5E-4F16-92EF-5D29629F95BE}.Debug|iPhone.Deploy.0 = Debug|Any CPU
		{6CAA1009-2E5E-4F16-92EF-5D29629F95BE}.Debug|iPhoneSimulator.ActiveCfg = Debug|Any CPU
		{6CAA1009-2E5E-4F16-92EF-5D29629F95BE}.Debug|iPhoneSimulator.Build.0 = Debug|Any CPU
		{6CAA1009-2E5E-4F16-92EF-5D29629F95BE}.Debug|iPhoneSimulator.Deploy.0 = Debug|Any CPU
		{6CAA1009-2E5E-4F16-92EF-5D29629F95BE}.Debug|x64.ActiveCfg = Debug|Any CPU
		{6CAA1009-2E5E-4F16-92EF-5D29629F95BE}.Debug|x64.Build.0 = Debug|Any CPU
		{6CAA1009-2E5E-4F16-92EF-5D29629F95BE}.Debug|x64.Deploy.0 = Debug|Any CPU
		{6CAA1009-2E5E-4F16-92EF-5D29629F95BE}.Debug|x86.ActiveCfg = Debug|Any CPU
		{6CAA1009-2E5E-4F16-92EF-5D29629F95BE}.Debug|x86.Build.0 = Debug|Any CPU
		{6CAA1009-2E5E-4F16-92EF-5D29629F95BE}.Debug|x86.Deploy.0 = Debug|Any CPU
		{6CAA1009-2E5E-4F16-92EF-5D29629F95BE}.Release|Any CPU.ActiveCfg = Release|Any CPU
		{6CAA1009-2E5E-4F16-92EF-5D29629F95BE}.Release|Any CPU.Build.0 = Release|Any CPU
		{6CAA1009-2E5E-4F16-92EF-5D29629F95BE}.Release|Any CPU.Deploy.0 = Release|Any CPU
		{6CAA1009-2E5E-4F16-92EF-5D29629F95BE}.Release|ARM.ActiveCfg = Release|Any CPU
		{6CAA1009-2E5E-4F16-92EF-5D29629F95BE}.Release|ARM.Build.0 = Release|Any CPU
		{6CAA1009-2E5E-4F16-92EF-5D29629F95BE}.Release|ARM.Deploy.0 = Release|Any CPU
		{6CAA1009-2E5E-4F16-92EF-5D29629F95BE}.Release|iPhone.ActiveCfg = Release|Any CPU
		{6CAA1009-2E5E-4F16-92EF-5D29629F95BE}.Release|iPhone.Build.0 = Release|Any CPU
		{6CAA1009-2E5E-4F16-92EF-5D29629F95BE}.Release|iPhone.Deploy.0 = Release|Any CPU
		{6CAA1009-2E5E-4F16-92EF-5D29629F95BE}.Release|iPhoneSimulator.ActiveCfg = Release|Any CPU
		{6CAA1009-2E5E-4F16-92EF-5D29629F95BE}.Release|iPhoneSimulator.Build.0 = Release|Any CPU
		{6CAA1009-2E5E-4F16-92EF-5D29629F95BE}.Release|iPhoneSimulator.Deploy.0 = Release|Any CPU
		{6CAA1009-2E5E-4F16-92EF-5D29629F95BE}.Release|x64.ActiveCfg = Release|Any CPU
		{6CAA1009-2E5E-4F16-92EF-5D29629F95BE}.Release|x64.Build.0 = Release|Any CPU
		{6CAA1009-2E5E-4F16-92EF-5D29629F95BE}.Release|x64.Deploy.0 = Release|Any CPU
		{6CAA1009-2E5E-4F16-92EF-5D29629F95BE}.Release|x86.ActiveCfg = Release|Any CPU
		{6CAA1009-2E5E-4F16-92EF-5D29629F95BE}.Release|x86.Build.0 = Release|Any CPU
		{6CAA1009-2E5E-4F16-92EF-5D29629F95BE}.Release|x86.Deploy.0 = Release|Any CPU
		{0416F447-77D6-4D20-8FBE-0F5196BA5817}.Ad-Hoc|Any CPU.ActiveCfg = Ad-Hoc|iPhone
		{0416F447-77D6-4D20-8FBE-0F5196BA5817}.Ad-Hoc|Any CPU.Build.0 = Ad-Hoc|iPhone
		{0416F447-77D6-4D20-8FBE-0F5196BA5817}.Ad-Hoc|Any CPU.Deploy.0 = Ad-Hoc|iPhone
		{0416F447-77D6-4D20-8FBE-0F5196BA5817}.Ad-Hoc|ARM.ActiveCfg = Ad-Hoc|iPhone
		{0416F447-77D6-4D20-8FBE-0F5196BA5817}.Ad-Hoc|ARM.Build.0 = Ad-Hoc|iPhone
		{0416F447-77D6-4D20-8FBE-0F5196BA5817}.Ad-Hoc|ARM.Deploy.0 = Ad-Hoc|iPhone
		{0416F447-77D6-4D20-8FBE-0F5196BA5817}.Ad-Hoc|iPhone.ActiveCfg = Ad-Hoc|iPhone
		{0416F447-77D6-4D20-8FBE-0F5196BA5817}.Ad-Hoc|iPhone.Build.0 = Ad-Hoc|iPhone
		{0416F447-77D6-4D20-8FBE-0F5196BA5817}.Ad-Hoc|iPhone.Deploy.0 = Ad-Hoc|iPhone
		{0416F447-77D6-4D20-8FBE-0F5196BA5817}.Ad-Hoc|iPhoneSimulator.ActiveCfg = Ad-Hoc|iPhoneSimulator
		{0416F447-77D6-4D20-8FBE-0F5196BA5817}.Ad-Hoc|iPhoneSimulator.Build.0 = Ad-Hoc|iPhoneSimulator
		{0416F447-77D6-4D20-8FBE-0F5196BA5817}.Ad-Hoc|iPhoneSimulator.Deploy.0 = Ad-Hoc|iPhoneSimulator
		{0416F447-77D6-4D20-8FBE-0F5196BA5817}.Ad-Hoc|x64.ActiveCfg = Ad-Hoc|iPhone
		{0416F447-77D6-4D20-8FBE-0F5196BA5817}.Ad-Hoc|x64.Build.0 = Ad-Hoc|iPhone
		{0416F447-77D6-4D20-8FBE-0F5196BA5817}.Ad-Hoc|x64.Deploy.0 = Ad-Hoc|iPhone
		{0416F447-77D6-4D20-8FBE-0F5196BA5817}.Ad-Hoc|x86.ActiveCfg = Ad-Hoc|iPhone
		{0416F447-77D6-4D20-8FBE-0F5196BA5817}.Ad-Hoc|x86.Build.0 = Ad-Hoc|iPhone
		{0416F447-77D6-4D20-8FBE-0F5196BA5817}.Ad-Hoc|x86.Deploy.0 = Ad-Hoc|iPhone
		{0416F447-77D6-4D20-8FBE-0F5196BA5817}.AppStore|Any CPU.ActiveCfg = AppStore|iPhone
		{0416F447-77D6-4D20-8FBE-0F5196BA5817}.AppStore|Any CPU.Build.0 = AppStore|iPhone
		{0416F447-77D6-4D20-8FBE-0F5196BA5817}.AppStore|Any CPU.Deploy.0 = AppStore|iPhone
		{0416F447-77D6-4D20-8FBE-0F5196BA5817}.AppStore|ARM.ActiveCfg = AppStore|iPhone
		{0416F447-77D6-4D20-8FBE-0F5196BA5817}.AppStore|ARM.Build.0 = AppStore|iPhone
		{0416F447-77D6-4D20-8FBE-0F5196BA5817}.AppStore|ARM.Deploy.0 = AppStore|iPhone
		{0416F447-77D6-4D20-8FBE-0F5196BA5817}.AppStore|iPhone.ActiveCfg = AppStore|iPhone
		{0416F447-77D6-4D20-8FBE-0F5196BA5817}.AppStore|iPhone.Build.0 = AppStore|iPhone
		{0416F447-77D6-4D20-8FBE-0F5196BA5817}.AppStore|iPhone.Deploy.0 = AppStore|iPhone
		{0416F447-77D6-4D20-8FBE-0F5196BA5817}.AppStore|iPhoneSimulator.ActiveCfg = AppStore|iPhoneSimulator
		{0416F447-77D6-4D20-8FBE-0F5196BA5817}.AppStore|iPhoneSimulator.Build.0 = AppStore|iPhoneSimulator
		{0416F447-77D6-4D20-8FBE-0F5196BA5817}.AppStore|iPhoneSimulator.Deploy.0 = AppStore|iPhoneSimulator
		{0416F447-77D6-4D20-8FBE-0F5196BA5817}.AppStore|x64.ActiveCfg = AppStore|iPhone
		{0416F447-77D6-4D20-8FBE-0F5196BA5817}.AppStore|x64.Build.0 = AppStore|iPhone
		{0416F447-77D6-4D20-8FBE-0F5196BA5817}.AppStore|x64.Deploy.0 = AppStore|iPhone
		{0416F447-77D6-4D20-8FBE-0F5196BA5817}.AppStore|x86.ActiveCfg = AppStore|iPhone
		{0416F447-77D6-4D20-8FBE-0F5196BA5817}.AppStore|x86.Build.0 = AppStore|iPhone
		{0416F447-77D6-4D20-8FBE-0F5196BA5817}.AppStore|x86.Deploy.0 = AppStore|iPhone
		{0416F447-77D6-4D20-8FBE-0F5196BA5817}.Debug|Any CPU.ActiveCfg = Debug|iPhoneSimulator
		{0416F447-77D6-4D20-8FBE-0F5196BA5817}.Debug|Any CPU.Build.0 = Debug|iPhoneSimulator
		{0416F447-77D6-4D20-8FBE-0F5196BA5817}.Debug|Any CPU.Deploy.0 = Debug|iPhoneSimulator
		{0416F447-77D6-4D20-8FBE-0F5196BA5817}.Debug|ARM.ActiveCfg = Debug|iPhone
		{0416F447-77D6-4D20-8FBE-0F5196BA5817}.Debug|ARM.Build.0 = Debug|iPhone
		{0416F447-77D6-4D20-8FBE-0F5196BA5817}.Debug|ARM.Deploy.0 = Debug|iPhone
		{0416F447-77D6-4D20-8FBE-0F5196BA5817}.Debug|iPhone.ActiveCfg = Debug|iPhone
		{0416F447-77D6-4D20-8FBE-0F5196BA5817}.Debug|iPhone.Build.0 = Debug|iPhone
		{0416F447-77D6-4D20-8FBE-0F5196BA5817}.Debug|iPhone.Deploy.0 = Debug|iPhone
		{0416F447-77D6-4D20-8FBE-0F5196BA5817}.Debug|iPhoneSimulator.ActiveCfg = Debug|iPhoneSimulator
		{0416F447-77D6-4D20-8FBE-0F5196BA5817}.Debug|iPhoneSimulator.Build.0 = Debug|iPhoneSimulator
		{0416F447-77D6-4D20-8FBE-0F5196BA5817}.Debug|iPhoneSimulator.Deploy.0 = Debug|iPhoneSimulator
		{0416F447-77D6-4D20-8FBE-0F5196BA5817}.Debug|x64.ActiveCfg = Debug|iPhone
		{0416F447-77D6-4D20-8FBE-0F5196BA5817}.Debug|x64.Build.0 = Debug|iPhone
		{0416F447-77D6-4D20-8FBE-0F5196BA5817}.Debug|x64.Deploy.0 = Debug|iPhone
		{0416F447-77D6-4D20-8FBE-0F5196BA5817}.Debug|x86.ActiveCfg = Debug|iPhone
		{0416F447-77D6-4D20-8FBE-0F5196BA5817}.Debug|x86.Build.0 = Debug|iPhone
		{0416F447-77D6-4D20-8FBE-0F5196BA5817}.Debug|x86.Deploy.0 = Debug|iPhone
		{0416F447-77D6-4D20-8FBE-0F5196BA5817}.Release|Any CPU.ActiveCfg = Release|iPhone
		{0416F447-77D6-4D20-8FBE-0F5196BA5817}.Release|Any CPU.Build.0 = Release|iPhone
		{0416F447-77D6-4D20-8FBE-0F5196BA5817}.Release|Any CPU.Deploy.0 = Release|iPhone
		{0416F447-77D6-4D20-8FBE-0F5196BA5817}.Release|ARM.ActiveCfg = Release|iPhone
		{0416F447-77D6-4D20-8FBE-0F5196BA5817}.Release|ARM.Build.0 = Release|iPhone
		{0416F447-77D6-4D20-8FBE-0F5196BA5817}.Release|ARM.Deploy.0 = Release|iPhone
		{0416F447-77D6-4D20-8FBE-0F5196BA5817}.Release|iPhone.ActiveCfg = Release|iPhone
		{0416F447-77D6-4D20-8FBE-0F5196BA5817}.Release|iPhone.Build.0 = Release|iPhone
		{0416F447-77D6-4D20-8FBE-0F5196BA5817}.Release|iPhone.Deploy.0 = Release|iPhone
		{0416F447-77D6-4D20-8FBE-0F5196BA5817}.Release|iPhoneSimulator.ActiveCfg = Release|iPhoneSimulator
		{0416F447-77D6-4D20-8FBE-0F5196BA5817}.Release|iPhoneSimulator.Build.0 = Release|iPhoneSimulator
		{0416F447-77D6-4D20-8FBE-0F5196BA5817}.Release|iPhoneSimulator.Deploy.0 = Release|iPhoneSimulator
		{0416F447-77D6-4D20-8FBE-0F5196BA5817}.Release|x64.ActiveCfg = Release|iPhone
		{0416F447-77D6-4D20-8FBE-0F5196BA5817}.Release|x64.Build.0 = Release|iPhone
		{0416F447-77D6-4D20-8FBE-0F5196BA5817}.Release|x64.Deploy.0 = Release|iPhone
		{0416F447-77D6-4D20-8FBE-0F5196BA5817}.Release|x86.ActiveCfg = Release|iPhone
		{0416F447-77D6-4D20-8FBE-0F5196BA5817}.Release|x86.Build.0 = Release|iPhone
		{0416F447-77D6-4D20-8FBE-0F5196BA5817}.Release|x86.Deploy.0 = Release|iPhone
		{02DF0CD8-D369-4EA9-9160-711510BA070D}.Ad-Hoc|Any CPU.ActiveCfg = Release|x86
		{02DF0CD8-D369-4EA9-9160-711510BA070D}.Ad-Hoc|Any CPU.Build.0 = Release|x86
		{02DF0CD8-D369-4EA9-9160-711510BA070D}.Ad-Hoc|Any CPU.Deploy.0 = Release|x86
		{02DF0CD8-D369-4EA9-9160-711510BA070D}.Ad-Hoc|ARM.ActiveCfg = Release|ARM
		{02DF0CD8-D369-4EA9-9160-711510BA070D}.Ad-Hoc|ARM.Build.0 = Release|ARM
		{02DF0CD8-D369-4EA9-9160-711510BA070D}.Ad-Hoc|ARM.Deploy.0 = Release|ARM
		{02DF0CD8-D369-4EA9-9160-711510BA070D}.Ad-Hoc|iPhone.ActiveCfg = Release|x86
		{02DF0CD8-D369-4EA9-9160-711510BA070D}.Ad-Hoc|iPhone.Build.0 = Release|x86
		{02DF0CD8-D369-4EA9-9160-711510BA070D}.Ad-Hoc|iPhone.Deploy.0 = Release|x86
		{02DF0CD8-D369-4EA9-9160-711510BA070D}.Ad-Hoc|iPhoneSimulator.ActiveCfg = Release|x86
		{02DF0CD8-D369-4EA9-9160-711510BA070D}.Ad-Hoc|iPhoneSimulator.Build.0 = Release|x86
		{02DF0CD8-D369-4EA9-9160-711510BA070D}.Ad-Hoc|iPhoneSimulator.Deploy.0 = Release|x86
		{02DF0CD8-D369-4EA9-9160-711510BA070D}.Ad-Hoc|x64.ActiveCfg = Release|x64
		{02DF0CD8-D369-4EA9-9160-711510BA070D}.Ad-Hoc|x64.Build.0 = Release|x64
		{02DF0CD8-D369-4EA9-9160-711510BA070D}.Ad-Hoc|x64.Deploy.0 = Release|x64
		{02DF0CD8-D369-4EA9-9160-711510BA070D}.Ad-Hoc|x86.ActiveCfg = Release|x86
		{02DF0CD8-D369-4EA9-9160-711510BA070D}.Ad-Hoc|x86.Build.0 = Release|x86
		{02DF0CD8-D369-4EA9-9160-711510BA070D}.Ad-Hoc|x86.Deploy.0 = Release|x86
		{02DF0CD8-D369-4EA9-9160-711510BA070D}.AppStore|Any CPU.ActiveCfg = Release|x86
		{02DF0CD8-D369-4EA9-9160-711510BA070D}.AppStore|Any CPU.Build.0 = Release|x86
		{02DF0CD8-D369-4EA9-9160-711510BA070D}.AppStore|Any CPU.Deploy.0 = Release|x86
		{02DF0CD8-D369-4EA9-9160-711510BA070D}.AppStore|ARM.ActiveCfg = Release|ARM
		{02DF0CD8-D369-4EA9-9160-711510BA070D}.AppStore|ARM.Build.0 = Release|ARM
		{02DF0CD8-D369-4EA9-9160-711510BA070D}.AppStore|ARM.Deploy.0 = Release|ARM
		{02DF0CD8-D369-4EA9-9160-711510BA070D}.AppStore|iPhone.ActiveCfg = Release|x86
		{02DF0CD8-D369-4EA9-9160-711510BA070D}.AppStore|iPhone.Build.0 = Release|x86
		{02DF0CD8-D369-4EA9-9160-711510BA070D}.AppStore|iPhone.Deploy.0 = Release|x86
		{02DF0CD8-D369-4EA9-9160-711510BA070D}.AppStore|iPhoneSimulator.ActiveCfg = Release|x86
		{02DF0CD8-D369-4EA9-9160-711510BA070D}.AppStore|iPhoneSimulator.Build.0 = Release|x86
		{02DF0CD8-D369-4EA9-9160-711510BA070D}.AppStore|iPhoneSimulator.Deploy.0 = Release|x86
		{02DF0CD8-D369-4EA9-9160-711510BA070D}.AppStore|x64.ActiveCfg = Release|x64
		{02DF0CD8-D369-4EA9-9160-711510BA070D}.AppStore|x64.Build.0 = Release|x64
		{02DF0CD8-D369-4EA9-9160-711510BA070D}.AppStore|x64.Deploy.0 = Release|x64
		{02DF0CD8-D369-4EA9-9160-711510BA070D}.AppStore|x86.ActiveCfg = Release|x86
		{02DF0CD8-D369-4EA9-9160-711510BA070D}.AppStore|x86.Build.0 = Release|x86
		{02DF0CD8-D369-4EA9-9160-711510BA070D}.AppStore|x86.Deploy.0 = Release|x86
		{02DF0CD8-D369-4EA9-9160-711510BA070D}.Debug|Any CPU.ActiveCfg = Debug|x86
		{02DF0CD8-D369-4EA9-9160-711510BA070D}.Debug|Any CPU.Build.0 = Debug|x86
		{02DF0CD8-D369-4EA9-9160-711510BA070D}.Debug|Any CPU.Deploy.0 = Debug|x86
		{02DF0CD8-D369-4EA9-9160-711510BA070D}.Debug|ARM.ActiveCfg = Debug|ARM
		{02DF0CD8-D369-4EA9-9160-711510BA070D}.Debug|ARM.Build.0 = Debug|ARM
		{02DF0CD8-D369-4EA9-9160-711510BA070D}.Debug|ARM.Deploy.0 = Debug|ARM
		{02DF0CD8-D369-4EA9-9160-711510BA070D}.Debug|iPhone.ActiveCfg = Debug|x86
		{02DF0CD8-D369-4EA9-9160-711510BA070D}.Debug|iPhone.Build.0 = Debug|x86
		{02DF0CD8-D369-4EA9-9160-711510BA070D}.Debug|iPhone.Deploy.0 = Debug|x86
		{02DF0CD8-D369-4EA9-9160-711510BA070D}.Debug|iPhoneSimulator.ActiveCfg = Debug|x86
		{02DF0CD8-D369-4EA9-9160-711510BA070D}.Debug|iPhoneSimulator.Build.0 = Debug|x86
		{02DF0CD8-D369-4EA9-9160-711510BA070D}.Debug|iPhoneSimulator.Deploy.0 = Debug|x86
		{02DF0CD8-D369-4EA9-9160-711510BA070D}.Debug|x64.ActiveCfg = Debug|x64
		{02DF0CD8-D369-4EA9-9160-711510BA070D}.Debug|x64.Build.0 = Debug|x64
		{02DF0CD8-D369-4EA9-9160-711510BA070D}.Debug|x64.Deploy.0 = Debug|x64
		{02DF0CD8-D369-4EA9-9160-711510BA070D}.Debug|x86.ActiveCfg = Debug|x86
		{02DF0CD8-D369-4EA9-9160-711510BA070D}.Debug|x86.Build.0 = Debug|x86
		{02DF0CD8-D369-4EA9-9160-711510BA070D}.Debug|x86.Deploy.0 = Debug|x86
		{02DF0CD8-D369-4EA9-9160-711510BA070D}.Release|Any CPU.ActiveCfg = Release|x86
		{02DF0CD8-D369-4EA9-9160-711510BA070D}.Release|Any CPU.Build.0 = Release|x86
		{02DF0CD8-D369-4EA9-9160-711510BA070D}.Release|Any CPU.Deploy.0 = Release|x86
		{02DF0CD8-D369-4EA9-9160-711510BA070D}.Release|ARM.ActiveCfg = Release|ARM
		{02DF0CD8-D369-4EA9-9160-711510BA070D}.Release|ARM.Build.0 = Release|ARM
		{02DF0CD8-D369-4EA9-9160-711510BA070D}.Release|ARM.Deploy.0 = Release|ARM
		{02DF0CD8-D369-4EA9-9160-711510BA070D}.Release|iPhone.ActiveCfg = Release|x86
		{02DF0CD8-D369-4EA9-9160-711510BA070D}.Release|iPhone.Build.0 = Release|x86
		{02DF0CD8-D369-4EA9-9160-711510BA070D}.Release|iPhone.Deploy.0 = Release|x86
		{02DF0CD8-D369-4EA9-9160-711510BA070D}.Release|iPhoneSimulator.ActiveCfg = Release|x86
		{02DF0CD8-D369-4EA9-9160-711510BA070D}.Release|iPhoneSimulator.Build.0 = Release|x86
		{02DF0CD8-D369-4EA9-9160-711510BA070D}.Release|iPhoneSimulator.Deploy.0 = Release|x86
		{02DF0CD8-D369-4EA9-9160-711510BA070D}.Release|x64.ActiveCfg = Release|x64
		{02DF0CD8-D369-4EA9-9160-711510BA070D}.Release|x64.Build.0 = Release|x64
		{02DF0CD8-D369-4EA9-9160-711510BA070D}.Release|x64.Deploy.0 = Release|x64
		{02DF0CD8-D369-4EA9-9160-711510BA070D}.Release|x86.ActiveCfg = Release|x86
		{02DF0CD8-D369-4EA9-9160-711510BA070D}.Release|x86.Build.0 = Release|x86
		{02DF0CD8-D369-4EA9-9160-711510BA070D}.Release|x86.Deploy.0 = Release|x86
		{9E0D54B2-ABF5-4DC9-839E-DBA0243022AA}.Ad-Hoc|Any CPU.ActiveCfg = Debug|Any CPU
		{9E0D54B2-ABF5-4DC9-839E-DBA0243022AA}.Ad-Hoc|Any CPU.Build.0 = Debug|Any CPU
		{9E0D54B2-ABF5-4DC9-839E-DBA0243022AA}.Ad-Hoc|Any CPU.Deploy.0 = Debug|Any CPU
		{9E0D54B2-ABF5-4DC9-839E-DBA0243022AA}.Ad-Hoc|ARM.ActiveCfg = Debug|Any CPU
		{9E0D54B2-ABF5-4DC9-839E-DBA0243022AA}.Ad-Hoc|ARM.Build.0 = Debug|Any CPU
		{9E0D54B2-ABF5-4DC9-839E-DBA0243022AA}.Ad-Hoc|ARM.Deploy.0 = Debug|Any CPU
		{9E0D54B2-ABF5-4DC9-839E-DBA0243022AA}.Ad-Hoc|iPhone.ActiveCfg = Debug|Any CPU
		{9E0D54B2-ABF5-4DC9-839E-DBA0243022AA}.Ad-Hoc|iPhone.Build.0 = Debug|Any CPU
		{9E0D54B2-ABF5-4DC9-839E-DBA0243022AA}.Ad-Hoc|iPhone.Deploy.0 = Debug|Any CPU
		{9E0D54B2-ABF5-4DC9-839E-DBA0243022AA}.Ad-Hoc|iPhoneSimulator.ActiveCfg = Debug|Any CPU
		{9E0D54B2-ABF5-4DC9-839E-DBA0243022AA}.Ad-Hoc|iPhoneSimulator.Build.0 = Debug|Any CPU
		{9E0D54B2-ABF5-4DC9-839E-DBA0243022AA}.Ad-Hoc|iPhoneSimulator.Deploy.0 = Debug|Any CPU
		{9E0D54B2-ABF5-4DC9-839E-DBA0243022AA}.Ad-Hoc|x64.ActiveCfg = Debug|Any CPU
		{9E0D54B2-ABF5-4DC9-839E-DBA0243022AA}.Ad-Hoc|x64.Build.0 = Debug|Any CPU
		{9E0D54B2-ABF5-4DC9-839E-DBA0243022AA}.Ad-Hoc|x64.Deploy.0 = Debug|Any CPU
		{9E0D54B2-ABF5-4DC9-839E-DBA0243022AA}.Ad-Hoc|x86.ActiveCfg = Debug|Any CPU
		{9E0D54B2-ABF5-4DC9-839E-DBA0243022AA}.Ad-Hoc|x86.Build.0 = Debug|Any CPU
		{9E0D54B2-ABF5-4DC9-839E-DBA0243022AA}.Ad-Hoc|x86.Deploy.0 = Debug|Any CPU
		{9E0D54B2-ABF5-4DC9-839E-DBA0243022AA}.AppStore|Any CPU.ActiveCfg = Debug|Any CPU
		{9E0D54B2-ABF5-4DC9-839E-DBA0243022AA}.AppStore|Any CPU.Build.0 = Debug|Any CPU
		{9E0D54B2-ABF5-4DC9-839E-DBA0243022AA}.AppStore|Any CPU.Deploy.0 = Debug|Any CPU
		{9E0D54B2-ABF5-4DC9-839E-DBA0243022AA}.AppStore|ARM.ActiveCfg = Debug|Any CPU
		{9E0D54B2-ABF5-4DC9-839E-DBA0243022AA}.AppStore|ARM.Build.0 = Debug|Any CPU
		{9E0D54B2-ABF5-4DC9-839E-DBA0243022AA}.AppStore|ARM.Deploy.0 = Debug|Any CPU
		{9E0D54B2-ABF5-4DC9-839E-DBA0243022AA}.AppStore|iPhone.ActiveCfg = Debug|Any CPU
		{9E0D54B2-ABF5-4DC9-839E-DBA0243022AA}.AppStore|iPhone.Build.0 = Debug|Any CPU
		{9E0D54B2-ABF5-4DC9-839E-DBA0243022AA}.AppStore|iPhone.Deploy.0 = Debug|Any CPU
		{9E0D54B2-ABF5-4DC9-839E-DBA0243022AA}.AppStore|iPhoneSimulator.ActiveCfg = Debug|Any CPU
		{9E0D54B2-ABF5-4DC9-839E-DBA0243022AA}.AppStore|iPhoneSimulator.Build.0 = Debug|Any CPU
		{9E0D54B2-ABF5-4DC9-839E-DBA0243022AA}.AppStore|iPhoneSimulator.Deploy.0 = Debug|Any CPU
		{9E0D54B2-ABF5-4DC9-839E-DBA0243022AA}.AppStore|x64.ActiveCfg = Debug|Any CPU
		{9E0D54B2-ABF5-4DC9-839E-DBA0243022AA}.AppStore|x64.Build.0 = Debug|Any CPU
		{9E0D54B2-ABF5-4DC9-839E-DBA0243022AA}.AppStore|x64.Deploy.0 = Debug|Any CPU
		{9E0D54B2-ABF5-4DC9-839E-DBA0243022AA}.AppStore|x86.ActiveCfg = Debug|Any CPU
		{9E0D54B2-ABF5-4DC9-839E-DBA0243022AA}.AppStore|x86.Build.0 = Debug|Any CPU
		{9E0D54B2-ABF5-4DC9-839E-DBA0243022AA}.AppStore|x86.Deploy.0 = Debug|Any CPU
		{9E0D54B2-ABF5-4DC9-839E-DBA0243022AA}.Debug|Any CPU.ActiveCfg = Debug|Any CPU
		{9E0D54B2-ABF5-4DC9-839E-DBA0243022AA}.Debug|Any CPU.Build.0 = Debug|Any CPU
		{9E0D54B2-ABF5-4DC9-839E-DBA0243022AA}.Debug|Any CPU.Deploy.0 = Debug|Any CPU
		{9E0D54B2-ABF5-4DC9-839E-DBA0243022AA}.Debug|ARM.ActiveCfg = Debug|Any CPU
		{9E0D54B2-ABF5-4DC9-839E-DBA0243022AA}.Debug|ARM.Build.0 = Debug|Any CPU
		{9E0D54B2-ABF5-4DC9-839E-DBA0243022AA}.Debug|ARM.Deploy.0 = Debug|Any CPU
		{9E0D54B2-ABF5-4DC9-839E-DBA0243022AA}.Debug|iPhone.ActiveCfg = Debug|Any CPU
		{9E0D54B2-ABF5-4DC9-839E-DBA0243022AA}.Debug|iPhone.Build.0 = Debug|Any CPU
		{9E0D54B2-ABF5-4DC9-839E-DBA0243022AA}.Debug|iPhone.Deploy.0 = Debug|Any CPU
		{9E0D54B2-ABF5-4DC9-839E-DBA0243022AA}.Debug|iPhoneSimulator.ActiveCfg = Debug|Any CPU
		{9E0D54B2-ABF5-4DC9-839E-DBA0243022AA}.Debug|iPhoneSimulator.Build.0 = Debug|Any CPU
		{9E0D54B2-ABF5-4DC9-839E-DBA0243022AA}.Debug|iPhoneSimulator.Deploy.0 = Debug|Any CPU
		{9E0D54B2-ABF5-4DC9-839E-DBA0243022AA}.Debug|x64.ActiveCfg = Debug|Any CPU
		{9E0D54B2-ABF5-4DC9-839E-DBA0243022AA}.Debug|x64.Build.0 = Debug|Any CPU
		{9E0D54B2-ABF5-4DC9-839E-DBA0243022AA}.Debug|x64.Deploy.0 = Debug|Any CPU
		{9E0D54B2-ABF5-4DC9-839E-DBA0243022AA}.Debug|x86.ActiveCfg = Debug|Any CPU
		{9E0D54B2-ABF5-4DC9-839E-DBA0243022AA}.Debug|x86.Build.0 = Debug|Any CPU
		{9E0D54B2-ABF5-4DC9-839E-DBA0243022AA}.Debug|x86.Deploy.0 = Debug|Any CPU
		{9E0D54B2-ABF5-4DC9-839E-DBA0243022AA}.Release|Any CPU.ActiveCfg = Release|Any CPU
		{9E0D54B2-ABF5-4DC9-839E-DBA0243022AA}.Release|Any CPU.Build.0 = Release|Any CPU
		{9E0D54B2-ABF5-4DC9-839E-DBA0243022AA}.Release|Any CPU.Deploy.0 = Release|Any CPU
		{9E0D54B2-ABF5-4DC9-839E-DBA0243022AA}.Release|ARM.ActiveCfg = Release|Any CPU
		{9E0D54B2-ABF5-4DC9-839E-DBA0243022AA}.Release|ARM.Build.0 = Release|Any CPU
		{9E0D54B2-ABF5-4DC9-839E-DBA0243022AA}.Release|ARM.Deploy.0 = Release|Any CPU
		{9E0D54B2-ABF5-4DC9-839E-DBA0243022AA}.Release|iPhone.ActiveCfg = Release|Any CPU
		{9E0D54B2-ABF5-4DC9-839E-DBA0243022AA}.Release|iPhone.Build.0 = Release|Any CPU
		{9E0D54B2-ABF5-4DC9-839E-DBA0243022AA}.Release|iPhone.Deploy.0 = Release|Any CPU
		{9E0D54B2-ABF5-4DC9-839E-DBA0243022AA}.Release|iPhoneSimulator.ActiveCfg = Release|Any CPU
		{9E0D54B2-ABF5-4DC9-839E-DBA0243022AA}.Release|iPhoneSimulator.Build.0 = Release|Any CPU
		{9E0D54B2-ABF5-4DC9-839E-DBA0243022AA}.Release|iPhoneSimulator.Deploy.0 = Release|Any CPU
		{9E0D54B2-ABF5-4DC9-839E-DBA0243022AA}.Release|x64.ActiveCfg = Release|Any CPU
		{9E0D54B2-ABF5-4DC9-839E-DBA0243022AA}.Release|x64.Build.0 = Release|Any CPU
		{9E0D54B2-ABF5-4DC9-839E-DBA0243022AA}.Release|x64.Deploy.0 = Release|Any CPU
		{9E0D54B2-ABF5-4DC9-839E-DBA0243022AA}.Release|x86.ActiveCfg = Release|Any CPU
		{9E0D54B2-ABF5-4DC9-839E-DBA0243022AA}.Release|x86.Build.0 = Release|Any CPU
		{9E0D54B2-ABF5-4DC9-839E-DBA0243022AA}.Release|x86.Deploy.0 = Release|Any CPU
		{0D3AFE56-3960-43BC-91D4-F97CFE53CD14}.Ad-Hoc|Any CPU.ActiveCfg = Release|Any CPU
		{0D3AFE56-3960-43BC-91D4-F97CFE53CD14}.Ad-Hoc|Any CPU.Build.0 = Release|Any CPU
		{0D3AFE56-3960-43BC-91D4-F97CFE53CD14}.Ad-Hoc|ARM.ActiveCfg = Release|Any CPU
		{0D3AFE56-3960-43BC-91D4-F97CFE53CD14}.Ad-Hoc|ARM.Build.0 = Release|Any CPU
		{0D3AFE56-3960-43BC-91D4-F97CFE53CD14}.Ad-Hoc|iPhone.ActiveCfg = Release|Any CPU
		{0D3AFE56-3960-43BC-91D4-F97CFE53CD14}.Ad-Hoc|iPhone.Build.0 = Release|Any CPU
		{0D3AFE56-3960-43BC-91D4-F97CFE53CD14}.Ad-Hoc|iPhoneSimulator.ActiveCfg = Release|Any CPU
		{0D3AFE56-3960-43BC-91D4-F97CFE53CD14}.Ad-Hoc|iPhoneSimulator.Build.0 = Release|Any CPU
		{0D3AFE56-3960-43BC-91D4-F97CFE53CD14}.Ad-Hoc|x64.ActiveCfg = Release|Any CPU
		{0D3AFE56-3960-43BC-91D4-F97CFE53CD14}.Ad-Hoc|x64.Build.0 = Release|Any CPU
		{0D3AFE56-3960-43BC-91D4-F97CFE53CD14}.Ad-Hoc|x86.ActiveCfg = Release|Any CPU
		{0D3AFE56-3960-43BC-91D4-F97CFE53CD14}.Ad-Hoc|x86.Build.0 = Release|Any CPU
		{0D3AFE56-3960-43BC-91D4-F97CFE53CD14}.AppStore|Any CPU.ActiveCfg = Release|Any CPU
		{0D3AFE56-3960-43BC-91D4-F97CFE53CD14}.AppStore|Any CPU.Build.0 = Release|Any CPU
		{0D3AFE56-3960-43BC-91D4-F97CFE53CD14}.AppStore|ARM.ActiveCfg = Release|Any CPU
		{0D3AFE56-3960-43BC-91D4-F97CFE53CD14}.AppStore|ARM.Build.0 = Release|Any CPU
		{0D3AFE56-3960-43BC-91D4-F97CFE53CD14}.AppStore|iPhone.ActiveCfg = Release|Any CPU
		{0D3AFE56-3960-43BC-91D4-F97CFE53CD14}.AppStore|iPhone.Build.0 = Release|Any CPU
		{0D3AFE56-3960-43BC-91D4-F97CFE53CD14}.AppStore|iPhoneSimulator.ActiveCfg = Release|Any CPU
		{0D3AFE56-3960-43BC-91D4-F97CFE53CD14}.AppStore|iPhoneSimulator.Build.0 = Release|Any CPU
		{0D3AFE56-3960-43BC-91D4-F97CFE53CD14}.AppStore|x64.ActiveCfg = Release|Any CPU
		{0D3AFE56-3960-43BC-91D4-F97CFE53CD14}.AppStore|x64.Build.0 = Release|Any CPU
		{0D3AFE56-3960-43BC-91D4-F97CFE53CD14}.AppStore|x86.ActiveCfg = Release|Any CPU
		{0D3AFE56-3960-43BC-91D4-F97CFE53CD14}.AppStore|x86.Build.0 = Release|Any CPU
		{0D3AFE56-3960-43BC-91D4-F97CFE53CD14}.Debug|Any CPU.ActiveCfg = Debug|Any CPU
		{0D3AFE56-3960-43BC-91D4-F97CFE53CD14}.Debug|Any CPU.Build.0 = Debug|Any CPU
		{0D3AFE56-3960-43BC-91D4-F97CFE53CD14}.Debug|ARM.ActiveCfg = Debug|Any CPU
		{0D3AFE56-3960-43BC-91D4-F97CFE53CD14}.Debug|ARM.Build.0 = Debug|Any CPU
		{0D3AFE56-3960-43BC-91D4-F97CFE53CD14}.Debug|iPhone.ActiveCfg = Debug|Any CPU
		{0D3AFE56-3960-43BC-91D4-F97CFE53CD14}.Debug|iPhone.Build.0 = Debug|Any CPU
		{0D3AFE56-3960-43BC-91D4-F97CFE53CD14}.Debug|iPhoneSimulator.ActiveCfg = Debug|Any CPU
		{0D3AFE56-3960-43BC-91D4-F97CFE53CD14}.Debug|iPhoneSimulator.Build.0 = Debug|Any CPU
		{0D3AFE56-3960-43BC-91D4-F97CFE53CD14}.Debug|x64.ActiveCfg = Debug|Any CPU
		{0D3AFE56-3960-43BC-91D4-F97CFE53CD14}.Debug|x64.Build.0 = Debug|Any CPU
		{0D3AFE56-3960-43BC-91D4-F97CFE53CD14}.Debug|x86.ActiveCfg = Debug|Any CPU
		{0D3AFE56-3960-43BC-91D4-F97CFE53CD14}.Debug|x86.Build.0 = Debug|Any CPU
		{0D3AFE56-3960-43BC-91D4-F97CFE53CD14}.Release|Any CPU.ActiveCfg = Release|Any CPU
		{0D3AFE56-3960-43BC-91D4-F97CFE53CD14}.Release|Any CPU.Build.0 = Release|Any CPU
		{0D3AFE56-3960-43BC-91D4-F97CFE53CD14}.Release|ARM.ActiveCfg = Release|Any CPU
		{0D3AFE56-3960-43BC-91D4-F97CFE53CD14}.Release|ARM.Build.0 = Release|Any CPU
		{0D3AFE56-3960-43BC-91D4-F97CFE53CD14}.Release|iPhone.ActiveCfg = Release|Any CPU
		{0D3AFE56-3960-43BC-91D4-F97CFE53CD14}.Release|iPhone.Build.0 = Release|Any CPU
		{0D3AFE56-3960-43BC-91D4-F97CFE53CD14}.Release|iPhoneSimulator.ActiveCfg = Release|Any CPU
		{0D3AFE56-3960-43BC-91D4-F97CFE53CD14}.Release|iPhoneSimulator.Build.0 = Release|Any CPU
		{0D3AFE56-3960-43BC-91D4-F97CFE53CD14}.Release|x64.ActiveCfg = Release|Any CPU
		{0D3AFE56-3960-43BC-91D4-F97CFE53CD14}.Release|x64.Build.0 = Release|Any CPU
		{0D3AFE56-3960-43BC-91D4-F97CFE53CD14}.Release|x86.ActiveCfg = Release|Any CPU
		{0D3AFE56-3960-43BC-91D4-F97CFE53CD14}.Release|x86.Build.0 = Release|Any CPU
		{F0DE42AD-FEF6-4FF0-BE4E-7CE0CBE839C8}.Ad-Hoc|Any CPU.ActiveCfg = Release|Any CPU
		{F0DE42AD-FEF6-4FF0-BE4E-7CE0CBE839C8}.Ad-Hoc|Any CPU.Build.0 = Release|Any CPU
		{F0DE42AD-FEF6-4FF0-BE4E-7CE0CBE839C8}.Ad-Hoc|ARM.ActiveCfg = Release|Any CPU
		{F0DE42AD-FEF6-4FF0-BE4E-7CE0CBE839C8}.Ad-Hoc|ARM.Build.0 = Release|Any CPU
		{F0DE42AD-FEF6-4FF0-BE4E-7CE0CBE839C8}.Ad-Hoc|iPhone.ActiveCfg = Release|Any CPU
		{F0DE42AD-FEF6-4FF0-BE4E-7CE0CBE839C8}.Ad-Hoc|iPhone.Build.0 = Release|Any CPU
		{F0DE42AD-FEF6-4FF0-BE4E-7CE0CBE839C8}.Ad-Hoc|iPhoneSimulator.ActiveCfg = Release|Any CPU
		{F0DE42AD-FEF6-4FF0-BE4E-7CE0CBE839C8}.Ad-Hoc|iPhoneSimulator.Build.0 = Release|Any CPU
		{F0DE42AD-FEF6-4FF0-BE4E-7CE0CBE839C8}.Ad-Hoc|x64.ActiveCfg = Release|Any CPU
		{F0DE42AD-FEF6-4FF0-BE4E-7CE0CBE839C8}.Ad-Hoc|x64.Build.0 = Release|Any CPU
		{F0DE42AD-FEF6-4FF0-BE4E-7CE0CBE839C8}.Ad-Hoc|x86.ActiveCfg = Release|Any CPU
		{F0DE42AD-FEF6-4FF0-BE4E-7CE0CBE839C8}.Ad-Hoc|x86.Build.0 = Release|Any CPU
		{F0DE42AD-FEF6-4FF0-BE4E-7CE0CBE839C8}.AppStore|Any CPU.ActiveCfg = Release|Any CPU
		{F0DE42AD-FEF6-4FF0-BE4E-7CE0CBE839C8}.AppStore|Any CPU.Build.0 = Release|Any CPU
		{F0DE42AD-FEF6-4FF0-BE4E-7CE0CBE839C8}.AppStore|ARM.ActiveCfg = Release|Any CPU
		{F0DE42AD-FEF6-4FF0-BE4E-7CE0CBE839C8}.AppStore|ARM.Build.0 = Release|Any CPU
		{F0DE42AD-FEF6-4FF0-BE4E-7CE0CBE839C8}.AppStore|iPhone.ActiveCfg = Release|Any CPU
		{F0DE42AD-FEF6-4FF0-BE4E-7CE0CBE839C8}.AppStore|iPhone.Build.0 = Release|Any CPU
		{F0DE42AD-FEF6-4FF0-BE4E-7CE0CBE839C8}.AppStore|iPhoneSimulator.ActiveCfg = Release|Any CPU
		{F0DE42AD-FEF6-4FF0-BE4E-7CE0CBE839C8}.AppStore|iPhoneSimulator.Build.0 = Release|Any CPU
		{F0DE42AD-FEF6-4FF0-BE4E-7CE0CBE839C8}.AppStore|x64.ActiveCfg = Release|Any CPU
		{F0DE42AD-FEF6-4FF0-BE4E-7CE0CBE839C8}.AppStore|x64.Build.0 = Release|Any CPU
		{F0DE42AD-FEF6-4FF0-BE4E-7CE0CBE839C8}.AppStore|x86.ActiveCfg = Release|Any CPU
		{F0DE42AD-FEF6-4FF0-BE4E-7CE0CBE839C8}.AppStore|x86.Build.0 = Release|Any CPU
		{F0DE42AD-FEF6-4FF0-BE4E-7CE0CBE839C8}.Debug|Any CPU.ActiveCfg = Debug|Any CPU
		{F0DE42AD-FEF6-4FF0-BE4E-7CE0CBE839C8}.Debug|Any CPU.Build.0 = Debug|Any CPU
		{F0DE42AD-FEF6-4FF0-BE4E-7CE0CBE839C8}.Debug|ARM.ActiveCfg = Debug|Any CPU
		{F0DE42AD-FEF6-4FF0-BE4E-7CE0CBE839C8}.Debug|ARM.Build.0 = Debug|Any CPU
		{F0DE42AD-FEF6-4FF0-BE4E-7CE0CBE839C8}.Debug|iPhone.ActiveCfg = Debug|Any CPU
		{F0DE42AD-FEF6-4FF0-BE4E-7CE0CBE839C8}.Debug|iPhone.Build.0 = Debug|Any CPU
		{F0DE42AD-FEF6-4FF0-BE4E-7CE0CBE839C8}.Debug|iPhoneSimulator.ActiveCfg = Debug|Any CPU
		{F0DE42AD-FEF6-4FF0-BE4E-7CE0CBE839C8}.Debug|iPhoneSimulator.Build.0 = Debug|Any CPU
		{F0DE42AD-FEF6-4FF0-BE4E-7CE0CBE839C8}.Debug|x64.ActiveCfg = Debug|Any CPU
		{F0DE42AD-FEF6-4FF0-BE4E-7CE0CBE839C8}.Debug|x64.Build.0 = Debug|Any CPU
		{F0DE42AD-FEF6-4FF0-BE4E-7CE0CBE839C8}.Debug|x86.ActiveCfg = Debug|Any CPU
		{F0DE42AD-FEF6-4FF0-BE4E-7CE0CBE839C8}.Debug|x86.Build.0 = Debug|Any CPU
		{F0DE42AD-FEF6-4FF0-BE4E-7CE0CBE839C8}.Release|Any CPU.ActiveCfg = Release|Any CPU
		{F0DE42AD-FEF6-4FF0-BE4E-7CE0CBE839C8}.Release|Any CPU.Build.0 = Release|Any CPU
		{F0DE42AD-FEF6-4FF0-BE4E-7CE0CBE839C8}.Release|ARM.ActiveCfg = Release|Any CPU
		{F0DE42AD-FEF6-4FF0-BE4E-7CE0CBE839C8}.Release|ARM.Build.0 = Release|Any CPU
		{F0DE42AD-FEF6-4FF0-BE4E-7CE0CBE839C8}.Release|iPhone.ActiveCfg = Release|Any CPU
		{F0DE42AD-FEF6-4FF0-BE4E-7CE0CBE839C8}.Release|iPhone.Build.0 = Release|Any CPU
		{F0DE42AD-FEF6-4FF0-BE4E-7CE0CBE839C8}.Release|iPhoneSimulator.ActiveCfg = Release|Any CPU
		{F0DE42AD-FEF6-4FF0-BE4E-7CE0CBE839C8}.Release|iPhoneSimulator.Build.0 = Release|Any CPU
		{F0DE42AD-FEF6-4FF0-BE4E-7CE0CBE839C8}.Release|x64.ActiveCfg = Release|Any CPU
		{F0DE42AD-FEF6-4FF0-BE4E-7CE0CBE839C8}.Release|x64.Build.0 = Release|Any CPU
		{F0DE42AD-FEF6-4FF0-BE4E-7CE0CBE839C8}.Release|x86.ActiveCfg = Release|Any CPU
		{F0DE42AD-FEF6-4FF0-BE4E-7CE0CBE839C8}.Release|x86.Build.0 = Release|Any CPU
		{E2C15176-63C4-4235-BA41-1F302B1942CE}.Ad-Hoc|Any CPU.ActiveCfg = Release|Any CPU
		{E2C15176-63C4-4235-BA41-1F302B1942CE}.Ad-Hoc|Any CPU.Build.0 = Release|Any CPU
		{E2C15176-63C4-4235-BA41-1F302B1942CE}.Ad-Hoc|ARM.ActiveCfg = Release|Any CPU
		{E2C15176-63C4-4235-BA41-1F302B1942CE}.Ad-Hoc|ARM.Build.0 = Release|Any CPU
		{E2C15176-63C4-4235-BA41-1F302B1942CE}.Ad-Hoc|iPhone.ActiveCfg = Release|Any CPU
		{E2C15176-63C4-4235-BA41-1F302B1942CE}.Ad-Hoc|iPhone.Build.0 = Release|Any CPU
		{E2C15176-63C4-4235-BA41-1F302B1942CE}.Ad-Hoc|iPhoneSimulator.ActiveCfg = Release|Any CPU
		{E2C15176-63C4-4235-BA41-1F302B1942CE}.Ad-Hoc|iPhoneSimulator.Build.0 = Release|Any CPU
		{E2C15176-63C4-4235-BA41-1F302B1942CE}.Ad-Hoc|x64.ActiveCfg = Release|Any CPU
		{E2C15176-63C4-4235-BA41-1F302B1942CE}.Ad-Hoc|x64.Build.0 = Release|Any CPU
		{E2C15176-63C4-4235-BA41-1F302B1942CE}.Ad-Hoc|x86.ActiveCfg = Release|Any CPU
		{E2C15176-63C4-4235-BA41-1F302B1942CE}.Ad-Hoc|x86.Build.0 = Release|Any CPU
		{E2C15176-63C4-4235-BA41-1F302B1942CE}.AppStore|Any CPU.ActiveCfg = Release|Any CPU
		{E2C15176-63C4-4235-BA41-1F302B1942CE}.AppStore|Any CPU.Build.0 = Release|Any CPU
		{E2C15176-63C4-4235-BA41-1F302B1942CE}.AppStore|ARM.ActiveCfg = Release|Any CPU
		{E2C15176-63C4-4235-BA41-1F302B1942CE}.AppStore|ARM.Build.0 = Release|Any CPU
		{E2C15176-63C4-4235-BA41-1F302B1942CE}.AppStore|iPhone.ActiveCfg = Release|Any CPU
		{E2C15176-63C4-4235-BA41-1F302B1942CE}.AppStore|iPhone.Build.0 = Release|Any CPU
		{E2C15176-63C4-4235-BA41-1F302B1942CE}.AppStore|iPhoneSimulator.ActiveCfg = Release|Any CPU
		{E2C15176-63C4-4235-BA41-1F302B1942CE}.AppStore|iPhoneSimulator.Build.0 = Release|Any CPU
		{E2C15176-63C4-4235-BA41-1F302B1942CE}.AppStore|x64.ActiveCfg = Release|Any CPU
		{E2C15176-63C4-4235-BA41-1F302B1942CE}.AppStore|x64.Build.0 = Release|Any CPU
		{E2C15176-63C4-4235-BA41-1F302B1942CE}.AppStore|x86.ActiveCfg = Release|Any CPU
		{E2C15176-63C4-4235-BA41-1F302B1942CE}.AppStore|x86.Build.0 = Release|Any CPU
		{E2C15176-63C4-4235-BA41-1F302B1942CE}.Debug|Any CPU.ActiveCfg = Debug|Any CPU
		{E2C15176-63C4-4235-BA41-1F302B1942CE}.Debug|Any CPU.Build.0 = Debug|Any CPU
		{E2C15176-63C4-4235-BA41-1F302B1942CE}.Debug|ARM.ActiveCfg = Debug|Any CPU
		{E2C15176-63C4-4235-BA41-1F302B1942CE}.Debug|ARM.Build.0 = Debug|Any CPU
		{E2C15176-63C4-4235-BA41-1F302B1942CE}.Debug|iPhone.ActiveCfg = Debug|Any CPU
		{E2C15176-63C4-4235-BA41-1F302B1942CE}.Debug|iPhone.Build.0 = Debug|Any CPU
		{E2C15176-63C4-4235-BA41-1F302B1942CE}.Debug|iPhoneSimulator.ActiveCfg = Debug|Any CPU
		{E2C15176-63C4-4235-BA41-1F302B1942CE}.Debug|iPhoneSimulator.Build.0 = Debug|Any CPU
		{E2C15176-63C4-4235-BA41-1F302B1942CE}.Debug|x64.ActiveCfg = Debug|Any CPU
		{E2C15176-63C4-4235-BA41-1F302B1942CE}.Debug|x64.Build.0 = Debug|Any CPU
		{E2C15176-63C4-4235-BA41-1F302B1942CE}.Debug|x86.ActiveCfg = Debug|Any CPU
		{E2C15176-63C4-4235-BA41-1F302B1942CE}.Debug|x86.Build.0 = Debug|Any CPU
		{E2C15176-63C4-4235-BA41-1F302B1942CE}.Release|Any CPU.ActiveCfg = Release|Any CPU
		{E2C15176-63C4-4235-BA41-1F302B1942CE}.Release|Any CPU.Build.0 = Release|Any CPU
		{E2C15176-63C4-4235-BA41-1F302B1942CE}.Release|ARM.ActiveCfg = Release|Any CPU
		{E2C15176-63C4-4235-BA41-1F302B1942CE}.Release|ARM.Build.0 = Release|Any CPU
		{E2C15176-63C4-4235-BA41-1F302B1942CE}.Release|iPhone.ActiveCfg = Release|Any CPU
		{E2C15176-63C4-4235-BA41-1F302B1942CE}.Release|iPhone.Build.0 = Release|Any CPU
		{E2C15176-63C4-4235-BA41-1F302B1942CE}.Release|iPhoneSimulator.ActiveCfg = Release|Any CPU
		{E2C15176-63C4-4235-BA41-1F302B1942CE}.Release|iPhoneSimulator.Build.0 = Release|Any CPU
		{E2C15176-63C4-4235-BA41-1F302B1942CE}.Release|x64.ActiveCfg = Release|Any CPU
		{E2C15176-63C4-4235-BA41-1F302B1942CE}.Release|x64.Build.0 = Release|Any CPU
		{E2C15176-63C4-4235-BA41-1F302B1942CE}.Release|x86.ActiveCfg = Release|Any CPU
		{E2C15176-63C4-4235-BA41-1F302B1942CE}.Release|x86.Build.0 = Release|Any CPU
		{3A34A483-4678-4D91-A4CD-F5C6A2684BB0}.Ad-Hoc|Any CPU.ActiveCfg = Release|Any CPU
		{3A34A483-4678-4D91-A4CD-F5C6A2684BB0}.Ad-Hoc|Any CPU.Build.0 = Release|Any CPU
		{3A34A483-4678-4D91-A4CD-F5C6A2684BB0}.Ad-Hoc|ARM.ActiveCfg = Release|Any CPU
		{3A34A483-4678-4D91-A4CD-F5C6A2684BB0}.Ad-Hoc|ARM.Build.0 = Release|Any CPU
		{3A34A483-4678-4D91-A4CD-F5C6A2684BB0}.Ad-Hoc|iPhone.ActiveCfg = Release|Any CPU
		{3A34A483-4678-4D91-A4CD-F5C6A2684BB0}.Ad-Hoc|iPhone.Build.0 = Release|Any CPU
		{3A34A483-4678-4D91-A4CD-F5C6A2684BB0}.Ad-Hoc|iPhoneSimulator.ActiveCfg = Release|Any CPU
		{3A34A483-4678-4D91-A4CD-F5C6A2684BB0}.Ad-Hoc|iPhoneSimulator.Build.0 = Release|Any CPU
		{3A34A483-4678-4D91-A4CD-F5C6A2684BB0}.Ad-Hoc|x64.ActiveCfg = Release|Any CPU
		{3A34A483-4678-4D91-A4CD-F5C6A2684BB0}.Ad-Hoc|x64.Build.0 = Release|Any CPU
		{3A34A483-4678-4D91-A4CD-F5C6A2684BB0}.Ad-Hoc|x86.ActiveCfg = Release|Any CPU
		{3A34A483-4678-4D91-A4CD-F5C6A2684BB0}.Ad-Hoc|x86.Build.0 = Release|Any CPU
		{3A34A483-4678-4D91-A4CD-F5C6A2684BB0}.AppStore|Any CPU.ActiveCfg = Release|Any CPU
		{3A34A483-4678-4D91-A4CD-F5C6A2684BB0}.AppStore|Any CPU.Build.0 = Release|Any CPU
		{3A34A483-4678-4D91-A4CD-F5C6A2684BB0}.AppStore|ARM.ActiveCfg = Release|Any CPU
		{3A34A483-4678-4D91-A4CD-F5C6A2684BB0}.AppStore|ARM.Build.0 = Release|Any CPU
		{3A34A483-4678-4D91-A4CD-F5C6A2684BB0}.AppStore|iPhone.ActiveCfg = Release|Any CPU
		{3A34A483-4678-4D91-A4CD-F5C6A2684BB0}.AppStore|iPhone.Build.0 = Release|Any CPU
		{3A34A483-4678-4D91-A4CD-F5C6A2684BB0}.AppStore|iPhoneSimulator.ActiveCfg = Release|Any CPU
		{3A34A483-4678-4D91-A4CD-F5C6A2684BB0}.AppStore|iPhoneSimulator.Build.0 = Release|Any CPU
		{3A34A483-4678-4D91-A4CD-F5C6A2684BB0}.AppStore|x64.ActiveCfg = Release|Any CPU
		{3A34A483-4678-4D91-A4CD-F5C6A2684BB0}.AppStore|x64.Build.0 = Release|Any CPU
		{3A34A483-4678-4D91-A4CD-F5C6A2684BB0}.AppStore|x86.ActiveCfg = Release|Any CPU
		{3A34A483-4678-4D91-A4CD-F5C6A2684BB0}.AppStore|x86.Build.0 = Release|Any CPU
		{3A34A483-4678-4D91-A4CD-F5C6A2684BB0}.Debug|Any CPU.ActiveCfg = Debug|Any CPU
		{3A34A483-4678-4D91-A4CD-F5C6A2684BB0}.Debug|Any CPU.Build.0 = Debug|Any CPU
		{3A34A483-4678-4D91-A4CD-F5C6A2684BB0}.Debug|ARM.ActiveCfg = Debug|Any CPU
		{3A34A483-4678-4D91-A4CD-F5C6A2684BB0}.Debug|ARM.Build.0 = Debug|Any CPU
		{3A34A483-4678-4D91-A4CD-F5C6A2684BB0}.Debug|iPhone.ActiveCfg = Debug|Any CPU
		{3A34A483-4678-4D91-A4CD-F5C6A2684BB0}.Debug|iPhone.Build.0 = Debug|Any CPU
		{3A34A483-4678-4D91-A4CD-F5C6A2684BB0}.Debug|iPhoneSimulator.ActiveCfg = Debug|Any CPU
		{3A34A483-4678-4D91-A4CD-F5C6A2684BB0}.Debug|iPhoneSimulator.Build.0 = Debug|Any CPU
		{3A34A483-4678-4D91-A4CD-F5C6A2684BB0}.Debug|x64.ActiveCfg = Debug|Any CPU
		{3A34A483-4678-4D91-A4CD-F5C6A2684BB0}.Debug|x64.Build.0 = Debug|Any CPU
		{3A34A483-4678-4D91-A4CD-F5C6A2684BB0}.Debug|x86.ActiveCfg = Debug|Any CPU
		{3A34A483-4678-4D91-A4CD-F5C6A2684BB0}.Debug|x86.Build.0 = Debug|Any CPU
		{3A34A483-4678-4D91-A4CD-F5C6A2684BB0}.Release|Any CPU.ActiveCfg = Release|Any CPU
		{3A34A483-4678-4D91-A4CD-F5C6A2684BB0}.Release|Any CPU.Build.0 = Release|Any CPU
		{3A34A483-4678-4D91-A4CD-F5C6A2684BB0}.Release|ARM.ActiveCfg = Release|Any CPU
		{3A34A483-4678-4D91-A4CD-F5C6A2684BB0}.Release|ARM.Build.0 = Release|Any CPU
		{3A34A483-4678-4D91-A4CD-F5C6A2684BB0}.Release|iPhone.ActiveCfg = Release|Any CPU
		{3A34A483-4678-4D91-A4CD-F5C6A2684BB0}.Release|iPhone.Build.0 = Release|Any CPU
		{3A34A483-4678-4D91-A4CD-F5C6A2684BB0}.Release|iPhoneSimulator.ActiveCfg = Release|Any CPU
		{3A34A483-4678-4D91-A4CD-F5C6A2684BB0}.Release|iPhoneSimulator.Build.0 = Release|Any CPU
		{3A34A483-4678-4D91-A4CD-F5C6A2684BB0}.Release|x64.ActiveCfg = Release|Any CPU
		{3A34A483-4678-4D91-A4CD-F5C6A2684BB0}.Release|x64.Build.0 = Release|Any CPU
		{3A34A483-4678-4D91-A4CD-F5C6A2684BB0}.Release|x86.ActiveCfg = Release|Any CPU
		{3A34A483-4678-4D91-A4CD-F5C6A2684BB0}.Release|x86.Build.0 = Release|Any CPU
	EndGlobalSection
	GlobalSection(SolutionProperties) = preSolution
		HideSolutionNode = FALSE
	EndGlobalSection
	GlobalSection(ExtensibilityGlobals) = postSolution
		SolutionGuid = {85E34C49-CDA6-4936-9787-386D3CD6F5D5}
	EndGlobalSection
EndGlobal
